
Microsoft Visual Studio Solution File, Format Version 12.00
# Visual Studio Version 16
VisualStudioVersion = 16.0.31402.337
MinimumVisualStudioVersion = 10.0.40219.1
Project("{FAE04EC0-301F-11D3-BF4B-00C04F79EFBC}") = "JellyParfait", "JellyParfait\JellyParfait.csproj", "{847D3F38-3A59-479C-AD1E-1114A1F01467}"
EndProject
Global
	GlobalSection(SolutionConfigurationPlatforms) = preSolution
		Debug|Any CPU = Debug|Any CPU
		Release|Any CPU = Release|Any CPU
	EndGlobalSection
	GlobalSection(ProjectConfigurationPlatforms) = postSolution
		{847D3F38-3A59-479C-AD1E-1114A1F01467}.Debug|Any CPU.ActiveCfg = Debug|Any CPU
		{847D3F38-3A59-479C-AD1E-1114A1F01467}.Debug|Any CPU.Build.0 = Debug|Any CPU
		{847D3F38-3A59-479C-AD1E-1114A1F01467}.Release|Any CPU.ActiveCfg = Release|Any CPU
		{847D3F38-3A59-479C-AD1E-1114A1F01467}.Release|Any CPU.Build.0 = Release|Any CPU
	EndGlobalSection
	GlobalSection(SolutionProperties) = preSolution
		HideSolutionNode = FALSE
	EndGlobalSection
	GlobalSection(ExtensibilityGlobals) = postSolution
		SolutionGuid = {EFFED849-71FB-4ED2-BB77-E1CA2B6EA09D}
	EndGlobalSection
EndGlobal
